
Microsoft Visual Studio Solution File, Format Version 12.00
# Visual Studio Version 16
VisualStudioVersion = 16.0.31605.320
MinimumVisualStudioVersion = 10.0.40219.1
Project("{9A19103F-16F7-4668-BE54-9A1E7A4F7556}") = "CreatingTasks", "CreatingTasks\CreatingTasks.csproj", "{DBB1206B-5F9C-491D-A3C6-9ECE9CAA55BD}"
EndProject
Project("{9A19103F-16F7-4668-BE54-9A1E7A4F7556}") = "ReturnValueFromTask", "ReturnValueFromTask\ReturnValueFromTask.csproj", "{29F93515-D585-40D7-BA17-88EFF86B81E6}"
EndProject
Project("{9A19103F-16F7-4668-BE54-9A1E7A4F7556}") = "CancellingTasks", "CancellingTasks\CancellingTasks.csproj", "{0998569D-3EED-462D-B025-62751D6F4352}"
EndProject
Project("{9A19103F-16F7-4668-BE54-9A1E7A4F7556}") = "CompositeCancellation", "CompositeCancellation\CompositeCancellation.csproj", "{1D4B1D37-3CB8-4E98-8657-8B73A6F980CD}"
EndProject
Project("{9A19103F-16F7-4668-BE54-9A1E7A4F7556}") = "WaitingWithinTask", "WaitingWithinTask\WaitingWithinTask.csproj", "{8B6196E8-5411-4FFD-92A9-9A0D943CA0C0}"
EndProject
Project("{FAE04EC0-301F-11D3-BF4B-00C04F79EFBC}") = "WaitingForTasks", "WaitingForTasks\WaitingForTasks.csproj", "{A11BEF49-0A1F-4D3C-9754-32FE1A0E2DCD}"
EndProject
Project("{FAE04EC0-301F-11D3-BF4B-00C04F79EFBC}") = "ExceptionHandling", "ExceptionHandling\ExceptionHandling.csproj", "{CCFB45D5-A813-4D7B-ADCA-3E1EC16CA4FA}"
EndProject
Global
	GlobalSection(SolutionConfigurationPlatforms) = preSolution
		Debug|Any CPU = Debug|Any CPU
		Release|Any CPU = Release|Any CPU
	EndGlobalSection
	GlobalSection(ProjectConfigurationPlatforms) = postSolution
		{DBB1206B-5F9C-491D-A3C6-9ECE9CAA55BD}.Debug|Any CPU.ActiveCfg = Debug|Any CPU
		{DBB1206B-5F9C-491D-A3C6-9ECE9CAA55BD}.Debug|Any CPU.Build.0 = Debug|Any CPU
		{DBB1206B-5F9C-491D-A3C6-9ECE9CAA55BD}.Release|Any CPU.ActiveCfg = Release|Any CPU
		{DBB1206B-5F9C-491D-A3C6-9ECE9CAA55BD}.Release|Any CPU.Build.0 = Release|Any CPU
		{29F93515-D585-40D7-BA17-88EFF86B81E6}.Debug|Any CPU.ActiveCfg = Debug|Any CPU
		{29F93515-D585-40D7-BA17-88EFF86B81E6}.Debug|Any CPU.Build.0 = Debug|Any CPU
		{29F93515-D585-40D7-BA17-88EFF86B81E6}.Release|Any CPU.ActiveCfg = Release|Any CPU
		{29F93515-D585-40D7-BA17-88EFF86B81E6}.Release|Any CPU.Build.0 = Release|Any CPU
		{0998569D-3EED-462D-B025-62751D6F4352}.Debug|Any CPU.ActiveCfg = Debug|Any CPU
		{0998569D-3EED-462D-B025-62751D6F4352}.Debug|Any CPU.Build.0 = Debug|Any CPU
		{0998569D-3EED-462D-B025-62751D6F4352}.Release|Any CPU.ActiveCfg = Release|Any CPU
		{0998569D-3EED-462D-B025-62751D6F4352}.Release|Any CPU.Build.0 = Release|Any CPU
		{1D4B1D37-3CB8-4E98-8657-8B73A6F980CD}.Debug|Any CPU.ActiveCfg = Debug|Any CPU
		{1D4B1D37-3CB8-4E98-8657-8B73A6F980CD}.Debug|Any CPU.Build.0 = Debug|Any CPU
		{1D4B1D37-3CB8-4E98-8657-8B73A6F980CD}.Release|Any CPU.ActiveCfg = Release|Any CPU
		{1D4B1D37-3CB8-4E98-8657-8B73A6F980CD}.Release|Any CPU.Build.0 = Release|Any CPU
		{8B6196E8-5411-4FFD-92A9-9A0D943CA0C0}.Debug|Any CPU.ActiveCfg = Debug|Any CPU
		{8B6196E8-5411-4FFD-92A9-9A0D943CA0C0}.Debug|Any CPU.Build.0 = Debug|Any CPU
		{8B6196E8-5411-4FFD-92A9-9A0D943CA0C0}.Release|Any CPU.ActiveCfg = Release|Any CPU
		{8B6196E8-5411-4FFD-92A9-9A0D943CA0C0}.Release|Any CPU.Build.0 = Release|Any CPU
		{A11BEF49-0A1F-4D3C-9754-32FE1A0E2DCD}.Debug|Any CPU.ActiveCfg = Debug|Any CPU
		{A11BEF49-0A1F-4D3C-9754-32FE1A0E2DCD}.Debug|Any CPU.Build.0 = Debug|Any CPU
		{A11BEF49-0A1F-4D3C-9754-32FE1A0E2DCD}.Release|Any CPU.ActiveCfg = Release|Any CPU
		{A11BEF49-0A1F-4D3C-9754-32FE1A0E2DCD}.Release|Any CPU.Build.0 = Release|Any CPU
		{CCFB45D5-A813-4D7B-ADCA-3E1EC16CA4FA}.Debug|Any CPU.ActiveCfg = Debug|Any CPU
		{CCFB45D5-A813-4D7B-ADCA-3E1EC16CA4FA}.Debug|Any CPU.Build.0 = Debug|Any CPU
		{CCFB45D5-A813-4D7B-ADCA-3E1EC16CA4FA}.Release|Any CPU.ActiveCfg = Release|Any CPU
		{CCFB45D5-A813-4D7B-ADCA-3E1EC16CA4FA}.Release|Any CPU.Build.0 = Release|Any CPU
	EndGlobalSection
	GlobalSection(SolutionProperties) = preSolution
		HideSolutionNode = FALSE
	EndGlobalSection
	GlobalSection(ExtensibilityGlobals) = postSolution
		SolutionGuid = {9A07A23F-C1CA-4ADE-8D8A-DD771CE32029}
	EndGlobalSection
EndGlobal
